{
  "name": "assets",
  "version": "1.0.0",
  "lockfileVersion": 3,
  "requires": true,
  "packages": {
    "": {
      "name": "assets",
      "version": "1.0.0",
      "license": "ISC",
      "dependencies": {
        "wavesurfer.js": "^7.12.4"
      }
    },
    "node_modules/wavesurfer.js": {
      "version": "7.12.4",
      "resolved": "https://registry.npmjs.org/wavesurfer.js/-/wavesurfer.js-7.12.4.tgz",
      "integrity": "sha512-b/+XnWfJejNdvNUmtm4M5QzQepHhUbTo+62wYybwdV1B/Sn9vHhgb1xckRm0rGY2ZefJwLkE7lYcKnLfIia4cQ==",
      "license": "BSD-3-Clause"
    }
  }
}
